
Microsoft Visual Studio Solution File, Format Version 12.00
# Visual Studio Version 16
VisualStudioVersion = 16.0.31321.278
MinimumVisualStudioVersion = 10.0.40219.1
Project("{FAE04EC0-301F-11D3-BF4B-00C04F79EFBC}") = "iGYMMM", "iGYMMM\iGYMMM.csproj", "{DC571B6C-3C85-49D2-A849-841F0401E0CE}"
EndProject
Project("{FAE04EC0-301F-11D3-BF4B-00C04F79EFBC}") = "iGYMMM1", "iGYMMM1\iGYMMM1.csproj", "{FB451F11-4295-4910-8067-3AA3C0239F63}"
EndProject
Global
	GlobalSection(SolutionConfigurationPlatforms) = preSolution
		Debug|Any CPU = Debug|Any CPU
		Release|Any CPU = Release|Any CPU
	EndGlobalSection
	GlobalSection(ProjectConfigurationPlatforms) = postSolution
		{DC571B6C-3C85-49D2-A849-841F0401E0CE}.Debug|Any CPU.ActiveCfg = Debug|Any CPU
		{DC571B6C-3C85-49D2-A849-841F0401E0CE}.Debug|Any CPU.Build.0 = Debug|Any CPU
		{DC571B6C-3C85-49D2-A849-841F0401E0CE}.Release|Any CPU.ActiveCfg = Release|Any CPU
		{DC571B6C-3C85-49D2-A849-841F0401E0CE}.Release|Any CPU.Build.0 = Release|Any CPU
		{FB451F11-4295-4910-8067-3AA3C0239F63}.Debug|Any CPU.ActiveCfg = Debug|Any CPU
		{FB451F11-4295-4910-8067-3AA3C0239F63}.Debug|Any CPU.Build.0 = Debug|Any CPU
		{FB451F11-4295-4910-8067-3AA3C0239F63}.Release|Any CPU.ActiveCfg = Release|Any CPU
		{FB451F11-4295-4910-8067-3AA3C0239F63}.Release|Any CPU.Build.0 = Release|Any CPU
	EndGlobalSection
	GlobalSection(SolutionProperties) = preSolution
		HideSolutionNode = FALSE
	EndGlobalSection
	GlobalSection(ExtensibilityGlobals) = postSolution
		SolutionGuid = {A4AD3361-F98F-4DA7-8667-45D946F3FB12}
	EndGlobalSection
EndGlobal
